
Microsoft Visual Studio Solution File, Format Version 12.00
# Visual Studio Version 16
VisualStudioVersion = 16.0.31205.134
MinimumVisualStudioVersion = 10.0.40219.1
Project("{FAE04EC0-301F-11D3-BF4B-00C04F79EFBC}") = "BulkyBook", "BulkyBook\BulkyBook.csproj", "{CDFFBBF1-14A4-4BE0-B53A-E0A679F82666}"
EndProject
Global
	GlobalSection(SolutionConfigurationPlatforms) = preSolution
		Debug|Any CPU = Debug|Any CPU
		Release|Any CPU = Release|Any CPU
	EndGlobalSection
	GlobalSection(ProjectConfigurationPlatforms) = postSolution
		{CDFFBBF1-14A4-4BE0-B53A-E0A679F82666}.Debug|Any CPU.ActiveCfg = Debug|Any CPU
		{CDFFBBF1-14A4-4BE0-B53A-E0A679F82666}.Debug|Any CPU.Build.0 = Debug|Any CPU
		{CDFFBBF1-14A4-4BE0-B53A-E0A679F82666}.Release|Any CPU.ActiveCfg = Release|Any CPU
		{CDFFBBF1-14A4-4BE0-B53A-E0A679F82666}.Release|Any CPU.Build.0 = Release|Any CPU
	EndGlobalSection
	GlobalSection(SolutionProperties) = preSolution
		HideSolutionNode = FALSE
	EndGlobalSection
	GlobalSection(ExtensibilityGlobals) = postSolution
		SolutionGuid = {0124B5D2-3C12-4FED-A73B-5541F68796B6}
	EndGlobalSection
EndGlobal
